
Microsoft Visual Studio Solution File, Format Version 12.00
# Visual Studio Version 17
VisualStudioVersion = 17.5.002.0
MinimumVisualStudioVersion = 10.0.40219.1
Project("{9A19103F-16F7-4668-BE54-9A1E7A4F7556}") = "APIFetcher", "APIFetcher.csproj", "{3C4180D6-ED24-4B0D-9EBF-CB1467E38BEA}"
EndProject
Global
	GlobalSection(SolutionConfigurationPlatforms) = preSolution
		Debug|Any CPU = Debug|Any CPU
		Release|Any CPU = Release|Any CPU
	EndGlobalSection
	GlobalSection(ProjectConfigurationPlatforms) = postSolution
		{3C4180D6-ED24-4B0D-9EBF-CB1467E38BEA}.Debug|Any CPU.ActiveCfg = Debug|Any CPU
		{3C4180D6-ED24-4B0D-9EBF-CB1467E38BEA}.Debug|Any CPU.Build.0 = Debug|Any CPU
		{3C4180D6-ED24-4B0D-9EBF-CB1467E38BEA}.Release|Any CPU.ActiveCfg = Release|Any CPU
		{3C4180D6-ED24-4B0D-9EBF-CB1467E38BEA}.Release|Any CPU.Build.0 = Release|Any CPU
	EndGlobalSection
	GlobalSection(SolutionProperties) = preSolution
		HideSolutionNode = FALSE
	EndGlobalSection
	GlobalSection(ExtensibilityGlobals) = postSolution
		SolutionGuid = {7CCAA756-BFF7-45C2-863B-BA04DB2BFC42}
	EndGlobalSection
EndGlobal
